
Microsoft Visual Studio Solution File, Format Version 12.00
# Visual Studio Version 17
VisualStudioVersion = 17.5.002.0
MinimumVisualStudioVersion = 10.0.40219.1
Project("{9A19103F-16F7-4668-BE54-9A1E7A4F7556}") = "Task1", "Task1.csproj", "{CB94214F-3D37-4D08-9D73-67C138E8BC41}"
EndProject
Global
	GlobalSection(SolutionConfigurationPlatforms) = preSolution
		Debug|Any CPU = Debug|Any CPU
		Release|Any CPU = Release|Any CPU
	EndGlobalSection
	GlobalSection(ProjectConfigurationPlatforms) = postSolution
		{CB94214F-3D37-4D08-9D73-67C138E8BC41}.Debug|Any CPU.ActiveCfg = Debug|Any CPU
		{CB94214F-3D37-4D08-9D73-67C138E8BC41}.Debug|Any CPU.Build.0 = Debug|Any CPU
		{CB94214F-3D37-4D08-9D73-67C138E8BC41}.Release|Any CPU.ActiveCfg = Release|Any CPU
		{CB94214F-3D37-4D08-9D73-67C138E8BC41}.Release|Any CPU.Build.0 = Release|Any CPU
	EndGlobalSection
	GlobalSection(SolutionProperties) = preSolution
		HideSolutionNode = FALSE
	EndGlobalSection
	GlobalSection(ExtensibilityGlobals) = postSolution
		SolutionGuid = {B931D521-F75D-4CA2-8F97-CAD83869D837}
	EndGlobalSection
EndGlobal
