
Microsoft Visual Studio Solution File, Format Version 12.00
# Visual Studio Version 17
VisualStudioVersion = 17.5.002.0
MinimumVisualStudioVersion = 10.0.40219.1
Project("{9A19103F-16F7-4668-BE54-9A1E7A4F7556}") = "Массивы", "Массивы.csproj", "{259B5715-1FB6-453A-A6EA-7B2B957517F5}"
EndProject
Global
	GlobalSection(SolutionConfigurationPlatforms) = preSolution
		Debug|Any CPU = Debug|Any CPU
		Release|Any CPU = Release|Any CPU
	EndGlobalSection
	GlobalSection(ProjectConfigurationPlatforms) = postSolution
		{259B5715-1FB6-453A-A6EA-7B2B957517F5}.Debug|Any CPU.ActiveCfg = Debug|Any CPU
		{259B5715-1FB6-453A-A6EA-7B2B957517F5}.Debug|Any CPU.Build.0 = Debug|Any CPU
		{259B5715-1FB6-453A-A6EA-7B2B957517F5}.Release|Any CPU.ActiveCfg = Release|Any CPU
		{259B5715-1FB6-453A-A6EA-7B2B957517F5}.Release|Any CPU.Build.0 = Release|Any CPU
	EndGlobalSection
	GlobalSection(SolutionProperties) = preSolution
		HideSolutionNode = FALSE
	EndGlobalSection
	GlobalSection(ExtensibilityGlobals) = postSolution
		SolutionGuid = {E51372B5-9D22-4CA6-A4A4-695E738D6D5B}
	EndGlobalSection
EndGlobal
